PODS:
  - AFNetworking (3.2.1):
    - AFNetworking/NSURLSession (= 3.2.1)
    - AFNetworking/Reachability (= 3.2.1)
    - AFNetworking/Security (= 3.2.1)
    - AFNetworking/Serialization (= 3.2.1)
    - AFNetworking/UIKit (= 3.2.1)
  - AFNetworking/NSURLSession (3.2.1):
    - AFNetworking/Reachability
    - AFNetworking/Security
    - AFNetworking/Serialization
  - AFNetworking/Reachability (3.2.1)
  - AFNetworking/Security (3.2.1)
  - AFNetworking/Serialization (3.2.1)
  - AFNetworking/UIKit (3.2.1):
    - AFNetworking/NSURLSession
  - Masonry (1.1.0)
  - MBProgressHUD (1.1.0)
  - PureLayout (3.1.4)
  - ReactiveObjC (3.1.0)
  - SVProgressHUD (2.2.5)
  - YJHomeKit (0.0.3):
    - AFNetworking
    - Masonry
    - MBProgressHUD
    - PureLayout
    - ReactiveObjC
  - YTKNetwork (2.0.4):
    - AFNetworking (~> 3.0)

DEPENDENCIES:
  - AFNetworking
  - Masonry
  - MBProgressHUD
  - PureLayout
  - ReactiveObjC
  - SVProgressHUD
  - YJHomeKit (from `../`)
  - YTKNetwork

SPEC REPOS:
  https://github.com/cocoapods/specs.git:
    - AFNetworking
    - Masonry
    - MBProgressHUD
    - PureLayout
    - ReactiveObjC
    - SVProgressHUD
    - YTKNetwork

EXTERNAL SOURCES:
  YJHomeKit:
    :path: "../"

SPEC CHECKSUMS:
  AFNetworking: b6f891fdfaed196b46c7a83cf209e09697b94057
  Masonry: 678fab65091a9290e40e2832a55e7ab731aad201
  MBProgressHUD: e7baa36a220447d8aeb12769bf0585582f3866d9
  PureLayout: f08c01b8dec00bb14a1fefa3de4c7d9c265df85e
  ReactiveObjC: 2a38ea15335de4119d8b17caf1db1484f61db902
  SVProgressHUD: 1428aafac632c1f86f62aa4243ec12008d7a51d6
  YJHomeKit: f03c1774d67bf083771d6908f1090b7a5bd24b99
  YTKNetwork: df8a7a5597bda1664a4efaa7ef871a818a887fe0

PODFILE CHECKSUM: 142821171c1e4ecb448ba56367c3b6667d693f55

COCOAPODS: 1.5.3
